// !$*UTF8*$!
{
	archiveVersion = 1;
	classes = {
	};
	objectVersion = 50;
	objects = {

/* Begin PBXBuildFile section */
		D130234E21B0D28100E70A8D /* AppDelegate.swift in Sources */ = {isa = PBXBuildFile; fileRef = D130234D21B0D28100E70A8D /* AppDelegate.swift */; };
		D130235321B0D28200E70A8D /* Main.storyboard in Resources */ = {isa = PBXBuildFile; fileRef = D130235121B0D28200E70A8D /* Main.storyboard */; };
		D130235521B0D28B00E70A8D /* Assets.xcassets in Resources */ = {isa = PBXBuildFile; fileRef = D130235421B0D28B00E70A8D /* Assets.xcassets */; };
		D130235821B0D28B00E70A8D /* LaunchScreen.storyboard in Resources */ = {isa = PBXBuildFile; fileRef = D130235621B0D28B00E70A8D /* LaunchScreen.storyboard */; };
		D130236321B0D28B00E70A8D /* MusicPlayerTests.swift in Sources */ = {isa = PBXBuildFile; fileRef = D130236221B0D28B00E70A8D /* MusicPlayerTests.swift */; };
		D130236E21B0D28B00E70A8D /* MusicPlayerUITests.swift in Sources */ = {isa = PBXBuildFile; fileRef = D130236D21B0D28B00E70A8D /* MusicPlayerUITests.swift */; };
		D130237C21B0D34100E70A8D /* GenreButtonScreen.swift in Sources */ = {isa = PBXBuildFile; fileRef = D130237B21B0D34100E70A8D /* GenreButtonScreen.swift */; };
/* End PBXBuildFile section */

/* Begin PBXContainerItemProxy section */
		D130235F21B0D28B00E70A8D /* PBXContainerItemProxy */ = {
			isa = PBXContainerItemProxy;
			containerPortal = D130234221B0D28100E70A8D /* Project object */;
			proxyType = 1;
			remoteGlobalIDString = D130234921B0D28100E70A8D;
			remoteInfo = MusicPlayer;
		};
		D130236A21B0D28B00E70A8D /* PBXContainerItemProxy */ = {
			isa = PBXContainerItemProxy;
			containerPortal = D130234221B0D28100E70A8D /* Project object */;
			proxyType = 1;
			remoteGlobalIDString = D130234921B0D28100E70A8D;
			remoteInfo = MusicPlayer;
		};
/* End PBXContainerItemProxy section */

/* Begin PBXFileReference section */
		D130234A21B0D28100E70A8D /* MusicPlayer.app */ = {isa = PBXFileReference; explicitFileType = wrapper.application; includeInIndex = 0; path = MusicPlayer.app; sourceTree = BUILT_PRODUCTS_DIR; };
		D130234D21B0D28100E70A8D /* AppDelegate.swift */ = {isa = PBXFileReference; lastKnownFileType = sourcecode.swift; path = AppDelegate.swift; sourceTree = "<group>"; };
		D130235221B0D28200E70A8D /* Base */ = {isa = PBXFileReference; lastKnownFileType = file.storyboard; name = Base; path = Base.lproj/Main.storyboard; sourceTree = "<group>"; };
		D130235421B0D28B00E70A8D /* Assets.xcassets */ = {isa = PBXFileReference; lastKnownFileType = folder.assetcatalog; path = Assets.xcassets; sourceTree = "<group>"; };
		D130235721B0D28B00E70A8D /* Base */ = {isa = PBXFileReference; lastKnownFileType = file.storyboard; name = Base; path = Base.lproj/LaunchScreen.storyboard; sourceTree = "<group>"; };
		D130235921B0D28B00E70A8D /* Info.plist */ = {isa = PBXFileReference; lastKnownFileType = text.plist.xml; path = Info.plist; sourceTree = "<group>"; };
		D130235E21B0D28B00E70A8D /* MusicPlayerTests.xctest */ = {isa = PBXFileReference; explicitFileType = wrapper.cfbundle; includeInIndex = 0; path = MusicPlayerTests.xctest; sourceTree = BUILT_PRODUCTS_DIR; };
		D130236221B0D28B00E70A8D /* MusicPlayerTests.swift */ = {isa = PBXFileReference; lastKnownFileType = sourcecode.swift; path = MusicPlayerTests.swift; sourceTree = "<group>"; };
		D130236421B0D28B00E70A8D /* Info.plist */ = {isa = PBXFileReference; lastKnownFileType = text.plist.xml; path = Info.plist; sourceTree = "<group>"; };
		D130236921B0D28B00E70A8D /* MusicPlayerUITests.xctest */ = {isa = PBXFileReference; explicitFileType = wrapper.cfbundle; includeInIndex = 0; path = MusicPlayerUITests.xctest; sourceTree = BUILT_PRODUCTS_DIR; };
		D130236D21B0D28B00E70A8D /* MusicPlayerUITests.swift */ = {isa = PBXFileReference; lastKnownFileType = sourcecode.swift; path = MusicPlayerUITests.swift; sourceTree = "<group>"; };
		D130236F21B0D28B00E70A8D /* Info.plist */ = {isa = PBXFileReference; lastKnownFileType = text.plist.xml; path = Info.plist; sourceTree = "<group>"; };
		D130237B21B0D34100E70A8D /* GenreButtonScreen.swift */ = {isa = PBXFileReference; lastKnownFileType = sourcecode.swift; path = GenreButtonScreen.swift; sourceTree = "<group>"; };
/* End PBXFileReference section */

/* Begin PBXFrameworksBuildPhase section */
		D130234721B0D28100E70A8D /* Frameworks */ = {
			isa = PBXFrameworksBuildPhase;
			buildActionMask = 2147483647;
			files = (
			);
			runOnlyForDeploymentPostprocessing = 0;
		};
		D130235B21B0D28B00E70A8D /* Frameworks */ = {
			isa = PBXFrameworksBuildPhase;
			buildActionMask = 2147483647;
			files = (
			);
			runOnlyForDeploymentPostprocessing = 0;
		};
		D130236621B0D28B00E70A8D /* Frameworks */ = {
			isa = PBXFrameworksBuildPhase;
			buildActionMask = 2147483647;
			files = (
			);
			runOnlyForDeploymentPostprocessing = 0;
		};
/* End PBXFrameworksBuildPhase section */

/* Begin PBXGroup section */
		D130234121B0D28100E70A8D = {
			isa = PBXGroup;
			children = (
				D130234C21B0D28100E70A8D /* MusicPlayer */,
				D130236121B0D28B00E70A8D /* MusicPlayerTests */,
				D130236C21B0D28B00E70A8D /* MusicPlayerUITests */,
				D130234B21B0D28100E70A8D /* Products */,
			);
			sourceTree = "<group>";
		};
		D130234B21B0D28100E70A8D /* Products */ = {
			isa = PBXGroup;
			children = (
				D130234A21B0D28100E70A8D /* MusicPlayer.app */,
				D130235E21B0D28B00E70A8D /* MusicPlayerTests.xctest */,
				D130236921B0D28B00E70A8D /* MusicPlayerUITests.xctest */,
			);
			name = Products;
			sourceTree = "<group>";
		};
		D130234C21B0D28100E70A8D /* MusicPlayer */ = {
			isa = PBXGroup;
			children = (
				D130234D21B0D28100E70A8D /* AppDelegate.swift */,
				D130237B21B0D34100E70A8D /* GenreButtonScreen.swift */,
				D130235121B0D28200E70A8D /* Main.storyboard */,
				D130235421B0D28B00E70A8D /* Assets.xcassets */,
				D130235621B0D28B00E70A8D /* LaunchScreen.storyboard */,
				D130235921B0D28B00E70A8D /* Info.plist */,
			);
			path = MusicPlayer;
			sourceTree = "<group>";
		};
		D130236121B0D28B00E70A8D /* MusicPlayerTests */ = {
			isa = PBXGroup;
			children = (
				D130236221B0D28B00E70A8D /* MusicPlayerTests.swift */,
				D130236421B0D28B00E70A8D /* Info.plist */,
			);
			path = MusicPlayerTests;
			sourceTree = "<group>";
		};
		D130236C21B0D28B00E70A8D /* MusicPlayerUITests */ = {
			isa = PBXGroup;
			children = (
				D130236D21B0D28B00E70A8D /* MusicPlayerUITests.swift */,
				D130236F21B0D28B00E70A8D /* Info.plist */,
			);
			path = MusicPlayerUITests;
			sourceTree = "<group>";
		};
/* End PBXGroup section */

/* Begin PBXNativeTarget section */
		D130234921B0D28100E70A8D /* MusicPlayer */ = {
			isa = PBXNativeTarget;
			buildConfigurationList = D130237221B0D28C00E70A8D /* Build configuration list for PBXNativeTarget "MusicPlayer" */;
			buildPhases = (
				D130234621B0D28100E70A8D /* Sources */,
				D130234721B0D28100E70A8D /* Frameworks */,
				D130234821B0D28100E70A8D /* Resources */,
			);
			buildRules = (
			);
			dependencies = (
			);
			name = MusicPlayer;
			productName = MusicPlayer;
			productReference = D130234A21B0D28100E70A8D /* MusicPlayer.app */;
			productType = "com.apple.product-type.application";
		};
		D130235D21B0D28B00E70A8D /* MusicPlayerTests */ = {
			isa = PBXNativeTarget;
			buildConfigurationList = D130237521B0D28C00E70A8D /* Build configuration list for PBXNativeTarget "MusicPlayerTests" */;
			buildPhases = (
				D130235A21B0D28B00E70A8D /* Sources */,
				D130235B21B0D28B00E70A8D /* Frameworks */,
				D130235C21B0D28B00E70A8D /* Resources */,
			);
			buildRules = (
			);
			dependencies = (
				D130236021B0D28B00E70A8D /* PBXTargetDependency */,
			);
			name = MusicPlayerTests;
			productName = MusicPlayerTests;
			productReference = D130235E21B0D28B00E70A8D /* MusicPlayerTests.xctest */;
			productType = "com.apple.product-type.bundle.unit-test";
		};
		D130236821B0D28B00E70A8D /* MusicPlayerUITests */ = {
			isa = PBXNativeTarget;
			buildConfigurationList = D130237821B0D28C00E70A8D /* Build configuration list for PBXNativeTarget "MusicPlayerUITests" */;
			buildPhases = (
				D130236521B0D28B00E70A8D /* Sources */,
				D130236621B0D28B00E70A8D /* Frameworks */,
				D130236721B0D28B00E70A8D /* Resources */,
			);
			buildRules = (
			);
			dependencies = (
				D130236B21B0D28B00E70A8D /* PBXTargetDependency */,
			);
			name = MusicPlayerUITests;
			productName = MusicPlayerUITests;
			productReference = D130236921B0D28B00E70A8D /* MusicPlayerUITests.xctest */;
			productType = "com.apple.product-type.bundle.ui-testing";
		};
/* End PBXNativeTarget section */

/* Begin PBXProject section */
		D130234221B0D28100E70A8D /* Project object */ = {
			isa = PBXProject;
			attributes = {
				LastSwiftUpdateCheck = 1010;
				LastUpgradeCheck = 1010;
				ORGANIZATIONNAME = "Kyzyl Atienza";
				TargetAttributes = {
					D130234921B0D28100E70A8D = {
						CreatedOnToolsVersion = 10.1;
					};
					D130235D21B0D28B00E70A8D = {
						CreatedOnToolsVersion = 10.1;
						TestTargetID = D130234921B0D28100E70A8D;
					};
					D130236821B0D28B00E70A8D = {
						CreatedOnToolsVersion = 10.1;
						TestTargetID = D130234921B0D28100E70A8D;
					};
				};
			};
			buildConfigurationList = D130234521B0D28100E70A8D /* Build configuration list for PBXProject "MusicPlayer" */;
			compatibilityVersion = "Xcode 9.3";
			developmentRegion = en;
			hasScannedForEncodings = 0;
			knownRegions = (
				en,
				Base,
			);
			mainGroup = D130234121B0D28100E70A8D;
			productRefGroup = D130234B21B0D28100E70A8D /* Products */;
			projectDirPath = "";
			projectRoot = "";
			targets = (
				D130234921B0D28100E70A8D /* MusicPlayer */,
				D130235D21B0D28B00E70A8D /* MusicPlayerTests */,
				D130236821B0D28B00E70A8D /* MusicPlayerUITests */,
			);
		};
/* End PBXProject section */

/* Begin PBXResourcesBuildPhase section */
		D130234821B0D28100E70A8D /* Resources */ = {
			isa = PBXResourcesBuildPhase;
			buildActionMask = 2147483647;
			files = (
				D130235821B0D28B00E70A8D /* LaunchScreen.storyboard in Resources */,
				D130235521B0D28B00E70A8D /* Assets.xcassets in Resources */,
				D130235321B0D28200E70A8D /* Main.storyboard in Resources */,
			);
			runOnlyForDeploymentPostprocessing = 0;
		};
		D130235C21B0D28B00E70A8D /* Resources */ = {
			isa = PBXResourcesBuildPhase;
			buildActionMask = 2147483647;
			files = (
			);
			runOnlyForDeploymentPostprocessing = 0;
		};
		D130236721B0D28B00E70A8D /* Resources */ = {
			isa = PBXResourcesBuildPhase;
			buildActionMask = 2147483647;
			files = (
			);
			runOnlyForDeploymentPostprocessing = 0;
		};
/* End PBXResourcesBuildPhase section */

/* Begin PBXSourcesBuildPhase section */
		D130234621B0D28100E70A8D /* Sources */ = {
			isa = PBXSourcesBuildPhase;
			buildActionMask = 2147483647;
			files = (
				D130234E21B0D28100E70A8D /* AppDelegate.swift in Sources */,
				D130237C21B0D34100E70A8D /* GenreButtonScreen.swift in Sources */,
			);
			runOnlyForDeploymentPostprocessing = 0;
		};
		D130235A21B0D28B00E70A8D /* Sources */ = {
			isa = PBXSourcesBuildPhase;
			buildActionMask = 2147483647;
			files = (
				D130236321B0D28B00E70A8D /* MusicPlayerTests.swift in Sources */,
			);
			runOnlyForDeploymentPostprocessing = 0;
		};
		D130236521B0D28B00E70A8D /* Sources */ = {
			isa = PBXSourcesBuildPhase;
			buildActionMask = 2147483647;
			files = (
				D130236E21B0D28B00E70A8D /* MusicPlayerUITests.swift in Sources */,
			);
			runOnlyForDeploymentPostprocessing = 0;
		};
/* End PBXSourcesBuildPhase section */

/* Begin PBXTargetDependency section */
		D130236021B0D28B00E70A8D /* PBXTargetDependency */ = {
			isa = PBXTargetDependency;
			target = D130234921B0D28100E70A8D /* MusicPlayer */;
			targetProxy = D130235F21B0D28B00E70A8D /* PBXContainerItemProxy */;
		};
		D130236B21B0D28B00E70A8D /* PBXTargetDependency */ = {
			isa = PBXTargetDependency;
			target = D130234921B0D28100E70A8D /* MusicPlayer */;
			targetProxy = D130236A21B0D28B00E70A8D /* PBXContainerItemProxy */;
		};
/* End PBXTargetDependency section */

/* Begin PBXVariantGroup section */
		D130235121B0D28200E70A8D /* Main.storyboard */ = {
			isa = PBXVariantGroup;
			children = (
				D130235221B0D28200E70A8D /* Base */,
			);
			name = Main.storyboard;
			sourceTree = "<group>";
		};
		D130235621B0D28B00E70A8D /* LaunchScreen.storyboard */ = {
			isa = PBXVariantGroup;
			children = (
				D130235721B0D28B00E70A8D /* Base */,
			);
			name = LaunchScreen.storyboard;
			sourceTree = "<group>";
		};
/* End PBXVariantGroup section */

/* Begin XCBuildConfiguration section */
		D130237021B0D28C00E70A8D /* Debug */ = {
			isa = XCBuildConfiguration;
			buildSettings = {
				ALWAYS_SEARCH_USER_PATHS = NO;
				CLANG_ANALYZER_NONNULL = YES;
				CLANG_ANALYZER_NUMBER_OBJECT_CONVERSION = YES_AGGRESSIVE;
				CLANG_CXX_LANGUAGE_STANDARD = "gnu++14";
				CLANG_CXX_LIBRARY = "libc++";
				CLANG_ENABLE_MODULES = YES;
				CLANG_ENABLE_OBJC_ARC = YES;
				CLANG_ENABLE_OBJC_WEAK = YES;
				CLANG_WARN_BLOCK_CAPTURE_AUTORELEASING = YES;
				CLANG_WARN_BOOL_CONVERSION = YES;
				CLANG_WARN_COMMA = YES;
				CLANG_WARN_CONSTANT_CONVERSION = YES;
				CLANG_WARN_DEPRECATED_OBJC_IMPLEMENTATIONS = YES;
				CLANG_WARN_DIRECT_OBJC_ISA_USAGE = YES_ERROR;
				CLANG_WARN_DOCUMENTATION_COMMENTS = YES;
				CLANG_WARN_EMPTY_BODY = YES;
				CLANG_WARN_ENUM_CONVERSION = YES;
				CLANG_WARN_INFINITE_RECURSION = YES;
				CLANG_WARN_INT_CONVERSION = YES;
				CLANG_WARN_NON_LITERAL_NULL_CONVERSION = YES;
				CLANG_WARN_OBJC_IMPLICIT_RETAIN_SELF = YES;
				CLANG_WARN_OBJC_LITERAL_CONVERSION = YES;
				CLANG_WARN_OBJC_ROOT_CLASS = YES_ERROR;
				CLANG_WARN_RANGE_LOOP_ANALYSIS = YES;
				CLANG_WARN_STRICT_PROTOTYPES = YES;
				CLANG_WARN_SUSPICIOUS_MOVE = YES;
				CLANG_WARN_UNGUARDED_AVAILABILITY = YES_AGGRESSIVE;
				CLANG_WARN_UNREACHABLE_CODE = YES;
				CLANG_WARN__DUPLICATE_METHOD_MATCH = YES;
				CODE_SIGN_IDENTITY = "iPhone Developer";
				COPY_PHASE_STRIP = NO;
				DEBUG_INFORMATION_FORMAT = dwarf;
				ENABLE_STRICT_OBJC_MSGSEND = YES;
				ENABLE_TESTABILITY = YES;
				GCC_C_LANGUAGE_STANDARD = gnu11;
				GCC_DYNAMIC_NO_PIC = NO;
				GCC_NO_COMMON_BLOCKS = YES;
				GCC_OPTIMIZATION_LEVEL = 0;
				GCC_PREPROCESSOR_DEFINITIONS = (
					"DEBUG=1",
					"$(inherited)",
				);
				GCC_WARN_64_TO_32_BIT_CONVERSION = YES;
				GCC_WARN_ABOUT_RETURN_TYPE = YES_ERROR;
				GCC_WARN_UNDECLARED_SELECTOR = YES;
				GCC_WARN_UNINITIALIZED_AUTOS = YES_AGGRESSIVE;
				GCC_WARN_UNUSED_FUNCTION = YES;
				GCC_WARN_UNUSED_VARIABLE = YES;
				IPHONEOS_DEPLOYMENT_TARGET = 12.1;
				MTL_ENABLE_DEBUG_INFO = INCLUDE_SOURCE;
				MTL_FAST_MATH = YES;
				ONLY_ACTIVE_ARCH = YES;
				SDKROOT = iphoneos;
				SWIFT_ACTIVE_COMPILATION_CONDITIONS = DEBUG;
				SWIFT_OPTIMIZATION_LEVEL = "-Onone";
			};
			name = Debug;
		};
		D130237121B0D28C00E70A8D /* Release */ = {
			isa = XCBuildConfiguration;
			buildSettings = {
				ALWAYS_SEARCH_USER_PATHS = NO;
				CLANG_ANALYZER_NONNULL = YES;
				CLANG_ANALYZER_NUMBER_OBJECT_CONVERSION = YES_AGGRESSIVE;
				CLANG_CXX_LANGUAGE_STANDARD = "gnu++14";
				CLANG_CXX_LIBRARY = "libc++";
				CLANG_ENABLE_MODULES = YES;
				CLANG_ENABLE_OBJC_ARC = YES;
				CLANG_ENABLE_OBJC_WEAK = YES;
				CLANG_WARN_BLOCK_CAPTURE_AUTORELEASING = YES;
				CLANG_WARN_BOOL_CONVERSION = YES;
				CLANG_WARN_COMMA = YES;
				CLANG_WARN_CONSTANT_CONVERSION = YES;
				CLANG_WARN_DEPRECATED_OBJC_IMPLEMENTATIONS = YES;
				CLANG_WARN_DIRECT_OBJC_ISA_USAGE = YES_ERROR;
				CLANG_WARN_DOCUMENTATION_COMMENTS = YES;
				CLANG_WARN_EMPTY_BODY = YES;
				CLANG_WARN_ENUM_CONVERSION = YES;
				CLANG_WARN_INFINITE_RECURSION = YES;
				CLANG_WARN_INT_CONVERSION = YES;
				CLANG_WARN_NON_LITERAL_NULL_CONVERSION = YES;
				CLANG_WARN_OBJC_IMPLICIT_RETAIN_SELF = YES;
				CLANG_WARN_OBJC_LITERAL_CONVERSION = YES;
				CLANG_WARN_OBJC_ROOT_CLASS = YES_ERROR;
				CLANG_WARN_RANGE_LOOP_ANALYSIS = YES;
				CLANG_WARN_STRICT_PROTOTYPES = YES;
				CLANG_WARN_SUSPICIOUS_MOVE = YES;
				CLANG_WARN_UNGUARDED_AVAILABILITY = YES_AGGRESSIVE;
				CLANG_WARN_UNREACHABLE_CODE = YES;
				CLANG_WARN__DUPLICATE_METHOD_MATCH = YES;
				CODE_SIGN_IDENTITY = "iPhone Developer";
				COPY_PHASE_STRIP = NO;
				DEBUG_INFORMATION_FORMAT = "dwarf-with-dsym";
				ENABLE_NS_ASSERTIONS = NO;
				ENABLE_STRICT_OBJC_MSGSEND = YES;
				GCC_C_LANGUAGE_STANDARD = gnu11;
				GCC_NO_COMMON_BLOCKS = YES;
				GCC_WARN_64_TO_32_BIT_CONVERSION = YES;
				GCC_WARN_ABOUT_RETURN_TYPE = YES_ERROR;
				GCC_WARN_UNDECLARED_SELECTOR = YES;
				GCC_WARN_UNINITIALIZED_AUTOS = YES_AGGRESSIVE;
				GCC_WARN_UNUSED_FUNCTION = YES;
				GCC_WARN_UNUSED_VARIABLE = YES;
				IPHONEOS_DEPLOYMENT_TARGET = 12.1;
				MTL_ENABLE_DEBUG_INFO = NO;
				MTL_FAST_MATH = YES;
				SDKROOT = iphoneos;
				SWIFT_COMPILATION_MODE = wholemodule;
				SWIFT_OPTIMIZATION_LEVEL = "-O";
				VALIDATE_PRODUCT = YES;
			};
			name = Release;
		};
		D130237321B0D28C00E70A8D /* Debug */ = {
			isa = XCBuildConfiguration;
			buildSettings = {
				ASSETCATALOG_COMPILER_APPICON_NAME = AppIcon;
				CODE_SIGN_STYLE = Automatic;
				DEVELOPMENT_TEAM = 23MNADH985;
				INFOPLIST_FILE = MusicPlayer/Info.plist;
				IPHONEOS_DEPLOYMENT_TARGET = 10.0;
				LD_RUNPATH_SEARCH_PATHS = (
					"$(inherited)",
					"@executable_path/Frameworks",
				);
				PRODUCT_BUNDLE_IDENTIFIER = kyzylatienza.MusicPlayer;
				PRODUCT_NAME = "$(TARGET_NAME)";
				SWIFT_VERSION = 4.2;
				TARGETED_DEVICE_FAMILY = "1,2";
			};
			name = Debug;
		};
		D130237421B0D28C00E70A8D /* Release */ = {
			isa = XCBuildConfiguration;
			buildSettings = {
				ASSETCATALOG_COMPILER_APPICON_NAME = AppIcon;
				CODE_SIGN_STYLE = Automatic;
				DEVELOPMENT_TEAM = 23MNADH985;
				INFOPLIST_FILE = MusicPlayer/Info.plist;
				IPHONEOS_DEPLOYMENT_TARGET = 10.0;
				LD_RUNPATH_SEARCH_PATHS = (
					"$(inherited)",
					"@executable_path/Frameworks",
				);
				PRODUCT_BUNDLE_IDENTIFIER = kyzylatienza.MusicPlayer;
				PRODUCT_NAME = "$(TARGET_NAME)";
				SWIFT_VERSION = 4.2;
				TARGETED_DEVICE_FAMILY = "1,2";
			};
			name = Release;
		};
		D130237621B0D28C00E70A8D /* Debug */ = {
			isa = XCBuildConfiguration;
			buildSettings = {
				ALWAYS_EMBED_SWIFT_STANDARD_LIBRARIES = YES;
				BUNDLE_LOADER = "$(TEST_HOST)";
				CODE_SIGN_STYLE = Automatic;
				INFOPLIST_FILE = MusicPlayerTests/Info.plist;
				LD_RUNPATH_SEARCH_PATHS = (
					"$(inherited)",
					"@executable_path/Frameworks",
					"@loader_path/Frameworks",
				);
				PRODUCT_BUNDLE_IDENTIFIER = kyzylatienza.MusicPlayerTests;
				PRODUCT_NAME = "$(TARGET_NAME)";
				SWIFT_VERSION = 4.2;
				TARGETED_DEVICE_FAMILY = "1,2";
				TEST_HOST = "$(BUILT_PRODUCTS_DIR)/MusicPlayer.app/MusicPlayer";
			};
			name = Debug;
		};
		D130237721B0D28C00E70A8D /* Release */ = {
			isa = XCBuildConfiguration;
			buildSettings = {
				ALWAYS_EMBED_SWIFT_STANDARD_LIBRARIES = YES;
				BUNDLE_LOADER = "$(TEST_HOST)";
				CODE_SIGN_STYLE = Automatic;
				INFOPLIST_FILE = MusicPlayerTests/Info.plist;
				LD_RUNPATH_SEARCH_PATHS = (
					"$(inherited)",
					"@executable_path/Frameworks",
					"@loader_path/Frameworks",
				);
				PRODUCT_BUNDLE_IDENTIFIER = kyzylatienza.MusicPlayerTests;
				PRODUCT_NAME = "$(TARGET_NAME)";
				SWIFT_VERSION = 4.2;
				TARGETED_DEVICE_FAMILY = "1,2";
				TEST_HOST = "$(BUILT_PRODUCTS_DIR)/MusicPlayer.app/MusicPlayer";
			};
			name = Release;
		};
		D130237921B0D28C00E70A8D /* Debug */ = {
			isa = XCBuildConfiguration;
			buildSettings = {
				ALWAYS_EMBED_SWIFT_STANDARD_LIBRARIES = YES;
				CODE_SIGN_STYLE = Automatic;
				INFOPLIST_FILE = MusicPlayerUITests/Info.plist;
				LD_RUNPATH_SEARCH_PATHS = (
					"$(inherited)",
					"@executable_path/Frameworks",
					"@loader_path/Frameworks",
				);
				PRODUCT_BUNDLE_IDENTIFIER = kyzylatienza.MusicPlayerUITests;
				PRODUCT_NAME = "$(TARGET_NAME)";
				SWIFT_VERSION = 4.2;
				TARGETED_DEVICE_FAMILY = "1,2";
				TEST_TARGET_NAME = MusicPlayer;
			};
			name = Debug;
		};
		D130237A21B0D28C00E70A8D /* Release */ = {
			isa = XCBuildConfiguration;
			buildSettings = {
				ALWAYS_EMBED_SWIFT_STANDARD_LIBRARIES = YES;
				CODE_SIGN_STYLE = Automatic;
				INFOPLIST_FILE = MusicPlayerUITests/Info.plist;
				LD_RUNPATH_SEARCH_PATHS = (
					"$(inherited)",
					"@executable_path/Frameworks",
					"@loader_path/Frameworks",
				);
				PRODUCT_BUNDLE_IDENTIFIER = kyzylatienza.MusicPlayerUITests;
				PRODUCT_NAME = "$(TARGET_NAME)";
				SWIFT_VERSION = 4.2;
				TARGETED_DEVICE_FAMILY = "1,2";
				TEST_TARGET_NAME = MusicPlayer;
			};
			name = Release;
		};
/* End XCBuildConfiguration section */

/* Begin XCConfigurationList section */
		D130234521B0D28100E70A8D /* Build configuration list for PBXProject "MusicPlayer" */ = {
			isa = XCConfigurationList;
			buildConfigurations = (
				D130237021B0D28C00E70A8D /* Debug */,
				D130237121B0D28C00E70A8D /* Release */,
			);
			defaultConfigurationIsVisible = 0;
			defaultConfigurationName = Release;
		};
		D130237221B0D28C00E70A8D /* Build configuration list for PBXNativeTarget "MusicPlayer" */ = {
			isa = XCConfigurationList;
			buildConfigurations = (
				D130237321B0D28C00E70A8D /* Debug */,
				D130237421B0D28C00E70A8D /* Release */,
			);
			defaultConfigurationIsVisible = 0;
			defaultConfigurationName = Release;
		};
		D130237521B0D28C00E70A8D /* Build configuration list for PBXNativeTarget "MusicPlayerTests" */ = {
			isa = XCConfigurationList;
			buildConfigurations = (
				D130237621B0D28C00E70A8D /* Debug */,
				D130237721B0D28C00E70A8D /* Release */,
			);
			defaultConfigurationIsVisible = 0;
			defaultConfigurationName = Release;
		};
		D130237821B0D28C00E70A8D /* Build configuration list for PBXNativeTarget "MusicPlayerUITests" */ = {
			isa = XCConfigurationList;
			buildConfigurations = (
				D130237921B0D28C00E70A8D /* Debug */,
				D130237A21B0D28C00E70A8D /* Release */,
			);
			defaultConfigurationIsVisible = 0;
			defaultConfigurationName = Release;
		};
/* End XCConfigurationList section */
	};
	rootObject = D130234221B0D28100E70A8D /* Project object */;
}
